
Microsoft Visual Studio Solution File, Format Version 12.00
# Visual Studio Version 16
VisualStudioVersion = 16.0.30114.105
MinimumVisualStudioVersion = 10.0.40219.1
Project("{F2A71F9B-5D33-465A-A702-920D77279786}") = "Application", "Application\Application.fsproj", "{BC48B23E-6B22-4DFB-A0F7-617D7447351C}"
EndProject
Project("{F2A71F9B-5D33-465A-A702-920D77279786}") = "Tests", "Tests\Tests.fsproj", "{98FB46DD-D4DA-4711-B915-ED433BB04922}"
EndProject
Global
	GlobalSection(SolutionConfigurationPlatforms) = preSolution
		Debug|Any CPU = Debug|Any CPU
		Release|Any CPU = Release|Any CPU
	EndGlobalSection
	GlobalSection(SolutionProperties) = preSolution
		HideSolutionNode = FALSE
	EndGlobalSection
	GlobalSection(ProjectConfigurationPlatforms) = postSolution
		{BC48B23E-6B22-4DFB-A0F7-617D7447351C}.Debug|Any CPU.ActiveCfg = Debug|Any CPU
		{BC48B23E-6B22-4DFB-A0F7-617D7447351C}.Debug|Any CPU.Build.0 = Debug|Any CPU
		{BC48B23E-6B22-4DFB-A0F7-617D7447351C}.Release|Any CPU.ActiveCfg = Release|Any CPU
		{BC48B23E-6B22-4DFB-A0F7-617D7447351C}.Release|Any CPU.Build.0 = Release|Any CPU
		{98FB46DD-D4DA-4711-B915-ED433BB04922}.Debug|Any CPU.ActiveCfg = Debug|Any CPU
		{98FB46DD-D4DA-4711-B915-ED433BB04922}.Debug|Any CPU.Build.0 = Debug|Any CPU
		{98FB46DD-D4DA-4711-B915-ED433BB04922}.Release|Any CPU.ActiveCfg = Release|Any CPU
		{98FB46DD-D4DA-4711-B915-ED433BB04922}.Release|Any CPU.Build.0 = Release|Any CPU
	EndGlobalSection
EndGlobal
